
Microsoft Visual Studio Solution File, Format Version 12.00
# Visual Studio Version 17
VisualStudioVersion = 17.4.33205.214
MinimumVisualStudioVersion = 10.0.40219.1
Project("{FAE04EC0-301F-11D3-BF4B-00C04F79EFBC}") = "chrome_translation_switcher_for_windows", "chrome_translation_switcher_for_windows\chrome_translation_switcher_for_windows.csproj", "{B87BC251-5A1F-4EDB-B4D6-A82481D8BFF7}"
EndProject
Global
	GlobalSection(SolutionConfigurationPlatforms) = preSolution
		Debug|Any CPU = Debug|Any CPU
		Release|Any CPU = Release|Any CPU
	EndGlobalSection
	GlobalSection(ProjectConfigurationPlatforms) = postSolution
		{B87BC251-5A1F-4EDB-B4D6-A82481D8BFF7}.Debug|Any CPU.ActiveCfg = Debug|Any CPU
		{B87BC251-5A1F-4EDB-B4D6-A82481D8BFF7}.Debug|Any CPU.Build.0 = Debug|Any CPU
		{B87BC251-5A1F-4EDB-B4D6-A82481D8BFF7}.Release|Any CPU.ActiveCfg = Release|Any CPU
		{B87BC251-5A1F-4EDB-B4D6-A82481D8BFF7}.Release|Any CPU.Build.0 = Release|Any CPU
	EndGlobalSection
	GlobalSection(SolutionProperties) = preSolution
		HideSolutionNode = FALSE
	EndGlobalSection
	GlobalSection(ExtensibilityGlobals) = postSolution
		SolutionGuid = {488B8533-7F6B-4E26-9C7C-5ECCDA38A456}
	EndGlobalSection
EndGlobal
